// !$*UTF8*$!
{
	archiveVersion = 1;
	classes = {
	};
	objectVersion = 46;
	objects = {

/* Begin PBXBuildFile section */
		D2C33DA71F5096E500F2EB9E /* AppDelegate.swift in Sources */ = {isa = PBXBuildFile; fileRef = D2C33DA61F5096E500F2EB9E /* AppDelegate.swift */; };
		D2C33DA91F5096E500F2EB9E /* ViewController.swift in Sources */ = {isa = PBXBuildFile; fileRef = D2C33DA81F5096E500F2EB9E /* ViewController.swift */; };
		D2C33DAC1F5096E500F2EB9E /* Main.storyboard in Resources */ = {isa = PBXBuildFile; fileRef = D2C33DAA1F5096E500F2EB9E /* Main.storyboard */; };
		D2C33DAE1F5096E500F2EB9E /* Assets.xcassets in Resources */ = {isa = PBXBuildFile; fileRef = D2C33DAD1F5096E500F2EB9E /* Assets.xcassets */; };
		D2C33DB11F5096E500F2EB9E /* LaunchScreen.storyboard in Resources */ = {isa = PBXBuildFile; fileRef = D2C33DAF1F5096E500F2EB9E /* LaunchScreen.storyboard */; };
		D2C33DBA1F50AABA00F2EB9E /* BorderButton.swift in Sources */ = {isa = PBXBuildFile; fileRef = D2C33DB91F50AABA00F2EB9E /* BorderButton.swift */; };
/* End PBXBuildFile section */

/* Begin PBXFileReference section */
		D2C33DA31F5096E500F2EB9E /* Swoosh.app */ = {isa = PBXFileReference; explicitFileType = wrapper.application; includeInIndex = 0; path = Swoosh.app; sourceTree = BUILT_PRODUCTS_DIR; };
		D2C33DA61F5096E500F2EB9E /* AppDelegate.swift */ = {isa = PBXFileReference; lastKnownFileType = sourcecode.swift; path = AppDelegate.swift; sourceTree = "<group>"; };
		D2C33DA81F5096E500F2EB9E /* ViewController.swift */ = {isa = PBXFileReference; lastKnownFileType = sourcecode.swift; path = ViewController.swift; sourceTree = "<group>"; };
		D2C33DAB1F5096E500F2EB9E /* Base */ = {isa = PBXFileReference; lastKnownFileType = file.storyboard; name = Base; path = Base.lproj/Main.storyboard; sourceTree = "<group>"; };
		D2C33DAD1F5096E500F2EB9E /* Assets.xcassets */ = {isa = PBXFileReference; lastKnownFileType = folder.assetcatalog; path = Assets.xcassets; sourceTree = "<group>"; };
		D2C33DB01F5096E500F2EB9E /* Base */ = {isa = PBXFileReference; lastKnownFileType = file.storyboard; name = Base; path = Base.lproj/LaunchScreen.storyboard; sourceTree = "<group>"; };
		D2C33DB21F5096E500F2EB9E /* Info.plist */ = {isa = PBXFileReference; lastKnownFileType = text.plist.xml; path = Info.plist; sourceTree = "<group>"; };
		D2C33DB91F50AABA00F2EB9E /* BorderButton.swift */ = {isa = PBXFileReference; fileEncoding = 4; lastKnownFileType = sourcecode.swift; path = BorderButton.swift; sourceTree = "<group>"; };
/* End PBXFileReference section */

/* Begin PBXFrameworksBuildPhase section */
		D2C33DA01F5096E500F2EB9E /* Frameworks */ = {
			isa = PBXFrameworksBuildPhase;
			buildActionMask = 2147483647;
			files = (
			);
			runOnlyForDeploymentPostprocessing = 0;
		};
/* End PBXFrameworksBuildPhase section */

/* Begin PBXGroup section */
		D2C33D9A1F5096E500F2EB9E = {
			isa = PBXGroup;
			children = (
				D2C33DA51F5096E500F2EB9E /* Swoosh */,
				D2C33DA41F5096E500F2EB9E /* Products */,
			);
			sourceTree = "<group>";
		};
		D2C33DA41F5096E500F2EB9E /* Products */ = {
			isa = PBXGroup;
			children = (
				D2C33DA31F5096E500F2EB9E /* Swoosh.app */,
			);
			name = Products;
			sourceTree = "<group>";
		};
		D2C33DA51F5096E500F2EB9E /* Swoosh */ = {
			isa = PBXGroup;
			children = (
				D2C33DB81F50AAA100F2EB9E /* Views */,
				D2C33DA61F5096E500F2EB9E /* AppDelegate.swift */,
				D2C33DA81F5096E500F2EB9E /* ViewController.swift */,
				D2C33DAA1F5096E500F2EB9E /* Main.storyboard */,
				D2C33DAD1F5096E500F2EB9E /* Assets.xcassets */,
				D2C33DAF1F5096E500F2EB9E /* LaunchScreen.storyboard */,
				D2C33DB21F5096E500F2EB9E /* Info.plist */,
			);
			path = Swoosh;
			sourceTree = "<group>";
		};
		D2C33DB81F50AAA100F2EB9E /* Views */ = {
			isa = PBXGroup;
			children = (
				D2C33DB91F50AABA00F2EB9E /* BorderButton.swift */,
			);
			name = Views;
			sourceTree = "<group>";
		};
/* End PBXGroup section */

/* Begin PBXNativeTarget section */
		D2C33DA21F5096E500F2EB9E /* Swoosh */ = {
			isa = PBXNativeTarget;
			buildConfigurationList = D2C33DB51F5096E500F2EB9E /* Build configuration list for PBXNativeTarget "Swoosh" */;
			buildPhases = (
				D2C33D9F1F5096E500F2EB9E /* Sources */,
				D2C33DA01F5096E500F2EB9E /* Frameworks */,
				D2C33DA11F5096E500F2EB9E /* Resources */,
			);
			buildRules = (
			);
			dependencies = (
			);
			name = Swoosh;
			productName = Swoosh;
			productReference = D2C33DA31F5096E500F2EB9E /* Swoosh.app */;
			productType = "com.apple.product-type.application";
		};
/* End PBXNativeTarget section */

/* Begin PBXProject section */
		D2C33D9B1F5096E500F2EB9E /* Project object */ = {
			isa = PBXProject;
			attributes = {
				LastSwiftUpdateCheck = 0830;
				LastUpgradeCheck = 0830;
				ORGANIZATIONNAME = Ariven;
				TargetAttributes = {
					D2C33DA21F5096E500F2EB9E = {
						CreatedOnToolsVersion = 8.3.2;
						DevelopmentTeam = W5HA2AHF8T;
						ProvisioningStyle = Automatic;
					};
				};
			};
			buildConfigurationList = D2C33D9E1F5096E500F2EB9E /* Build configuration list for PBXProject "Swoosh" */;
			compatibilityVersion = "Xcode 3.2";
			developmentRegion = English;
			hasScannedForEncodings = 0;
			knownRegions = (
				en,
				Base,
			);
			mainGroup = D2C33D9A1F5096E500F2EB9E;
			productRefGroup = D2C33DA41F5096E500F2EB9E /* Products */;
			projectDirPath = "";
			projectRoot = "";
			targets = (
				D2C33DA21F5096E500F2EB9E /* Swoosh */,
			);
		};
/* End PBXProject section */

/* Begin PBXResourcesBuildPhase section */
		D2C33DA11F5096E500F2EB9E /* Resources */ = {
			isa = PBXResourcesBuildPhase;
			buildActionMask = 2147483647;
			files = (
				D2C33DB11F5096E500F2EB9E /* LaunchScreen.storyboard in Resources */,
				D2C33DAE1F5096E500F2EB9E /* Assets.xcassets in Resources */,
				D2C33DAC1F5096E500F2EB9E /* Main.storyboard in Resources */,
			);
			runOnlyForDeploymentPostprocessing = 0;
		};
/* End PBXResourcesBuildPhase section */

/* Begin PBXSourcesBuildPhase section */
		D2C33D9F1F5096E500F2EB9E /* Sources */ = {
			isa = PBXSourcesBuildPhase;
			buildActionMask = 2147483647;
			files = (
				D2C33DA91F5096E500F2EB9E /* ViewController.swift in Sources */,
				D2C33DA71F5096E500F2EB9E /* AppDelegate.swift in Sources */,
				D2C33DBA1F50AABA00F2EB9E /* BorderButton.swift in Sources */,
			);
			runOnlyForDeploymentPostprocessing = 0;
		};
/* End PBXSourcesBuildPhase section */

/* Begin PBXVariantGroup section */
		D2C33DAA1F5096E500F2EB9E /* Main.storyboard */ = {
			isa = PBXVariantGroup;
			children = (
				D2C33DAB1F5096E500F2EB9E /* Base */,
			);
			name = Main.storyboard;
			sourceTree = "<group>";
		};
		D2C33DAF1F5096E500F2EB9E /* LaunchScreen.storyboard */ = {
			isa = PBXVariantGroup;
			children = (
				D2C33DB01F5096E500F2EB9E /* Base */,
			);
			name = LaunchScreen.storyboard;
			sourceTree = "<group>";
		};
/* End PBXVariantGroup section */

/* Begin XCBuildConfiguration section */
		D2C33DB31F5096E500F2EB9E /* Debug */ = {
			isa = XCBuildConfiguration;
			buildSettings = {
				ALWAYS_SEARCH_USER_PATHS = NO;
				CLANG_ANALYZER_NONNULL = YES;
				CLANG_ANALYZER_NUMBER_OBJECT_CONVERSION = YES_AGGRESSIVE;
				CLANG_CXX_LANGUAGE_STANDARD = "gnu++0x";
				CLANG_CXX_LIBRARY = "libc++";
				CLANG_ENABLE_MODULES = YES;
				CLANG_ENABLE_OBJC_ARC = YES;
				CLANG_WARN_BOOL_CONVERSION = YES;
				CLANG_WARN_CONSTANT_CONVERSION = YES;
				CLANG_WARN_DIRECT_OBJC_ISA_USAGE = YES_ERROR;
				CLANG_WARN_DOCUMENTATION_COMMENTS = YES;
				CLANG_WARN_EMPTY_BODY = YES;
				CLANG_WARN_ENUM_CONVERSION = YES;
				CLANG_WARN_INFINITE_RECURSION = YES;
				CLANG_WARN_INT_CONVERSION = YES;
				CLANG_WARN_OBJC_ROOT_CLASS = YES_ERROR;
				CLANG_WARN_SUSPICIOUS_MOVE = YES;
				CLANG_WARN_UNREACHABLE_CODE = YES;
				CLANG_WARN__DUPLICATE_METHOD_MATCH = YES;
				"CODE_SIGN_IDENTITY[sdk=iphoneos*]" = "iPhone Developer";
				COPY_PHASE_STRIP = NO;
				DEBUG_INFORMATION_FORMAT = dwarf;
				ENABLE_STRICT_OBJC_MSGSEND = YES;
				ENABLE_TESTABILITY = YES;
				GCC_C_LANGUAGE_STANDARD = gnu99;
				GCC_DYNAMIC_NO_PIC = NO;
				GCC_NO_COMMON_BLOCKS = YES;
				GCC_OPTIMIZATION_LEVEL = 0;
				GCC_PREPROCESSOR_DEFINITIONS = (
					"DEBUG=1",
					"$(inherited)",
				);
				GCC_WARN_64_TO_32_BIT_CONVERSION = YES;
				GCC_WARN_ABOUT_RETURN_TYPE = YES_ERROR;
				GCC_WARN_UNDECLARED_SELECTOR = YES;
				GCC_WARN_UNINITIALIZED_AUTOS = YES_AGGRESSIVE;
				GCC_WARN_UNUSED_FUNCTION = YES;
				GCC_WARN_UNUSED_VARIABLE = YES;
				IPHONEOS_DEPLOYMENT_TARGET = 10.3;
				MTL_ENABLE_DEBUG_INFO = YES;
				ONLY_ACTIVE_ARCH = YES;
				SDKROOT = iphoneos;
				SWIFT_ACTIVE_COMPILATION_CONDITIONS = DEBUG;
				SWIFT_OPTIMIZATION_LEVEL = "-Onone";
				TARGETED_DEVICE_FAMILY = "1,2";
			};
			name = Debug;
		};
		D2C33DB41F5096E500F2EB9E /* Release */ = {
			isa = XCBuildConfiguration;
			buildSettings = {
				ALWAYS_SEARCH_USER_PATHS = NO;
				CLANG_ANALYZER_NONNULL = YES;
				CLANG_ANALYZER_NUMBER_OBJECT_CONVERSION = YES_AGGRESSIVE;
				CLANG_CXX_LANGUAGE_STANDARD = "gnu++0x";
				CLANG_CXX_LIBRARY = "libc++";
				CLANG_ENABLE_MODULES = YES;
				CLANG_ENABLE_OBJC_ARC = YES;
				CLANG_WARN_BOOL_CONVERSION = YES;
				CLANG_WARN_CONSTANT_CONVERSION = YES;
				CLANG_WARN_DIRECT_OBJC_ISA_USAGE = YES_ERROR;
				CLANG_WARN_DOCUMENTATION_COMMENTS = YES;
				CLANG_WARN_EMPTY_BODY = YES;
				CLANG_WARN_ENUM_CONVERSION = YES;
				CLANG_WARN_INFINITE_RECURSION = YES;
				CLANG_WARN_INT_CONVERSION = YES;
				CLANG_WARN_OBJC_ROOT_CLASS = YES_ERROR;
				CLANG_WARN_SUSPICIOUS_MOVE = YES;
				CLANG_WARN_UNREACHABLE_CODE = YES;
				CLANG_WARN__DUPLICATE_METHOD_MATCH = YES;
				"CODE_SIGN_IDENTITY[sdk=iphoneos*]" = "iPhone Developer";
				COPY_PHASE_STRIP = NO;
				DEBUG_INFORMATION_FORMAT = "dwarf-with-dsym";
				ENABLE_NS_ASSERTIONS = NO;
				ENABLE_STRICT_OBJC_MSGSEND = YES;
				GCC_C_LANGUAGE_STANDARD = gnu99;
				GCC_NO_COMMON_BLOCKS = YES;
				GCC_WARN_64_TO_32_BIT_CONVERSION = YES;
				GCC_WARN_ABOUT_RETURN_TYPE = YES_ERROR;
				GCC_WARN_UNDECLARED_SELECTOR = YES;
				GCC_WARN_UNINITIALIZED_AUTOS = YES_AGGRESSIVE;
				GCC_WARN_UNUSED_FUNCTION = YES;
				GCC_WARN_UNUSED_VARIABLE = YES;
				IPHONEOS_DEPLOYMENT_TARGET = 10.3;
				MTL_ENABLE_DEBUG_INFO = NO;
				SDKROOT = iphoneos;
				SWIFT_OPTIMIZATION_LEVEL = "-Owholemodule";
				TARGETED_DEVICE_FAMILY = "1,2";
				VALIDATE_PRODUCT = YES;
			};
			name = Release;
		};
		D2C33DB61F5096E500F2EB9E /* Debug */ = {
			isa = XCBuildConfiguration;
			buildSettings = {
				ASSETCATALOG_COMPILER_APPICON_NAME = AppIcon;
				DEVELOPMENT_TEAM = W5HA2AHF8T;
				INFOPLIST_FILE = Swoosh/Info.plist;
				LD_RUNPATH_SEARCH_PATHS = "$(inherited) @executable_path/Frameworks";
				PRODUCT_BUNDLE_IDENTIFIER = com.ariven.swiftPractice.Swoosh;
				PRODUCT_NAME = "$(TARGET_NAME)";
				SWIFT_VERSION = 3.0;
			};
			name = Debug;
		};
		D2C33DB71F5096E500F2EB9E /* Release */ = {
			isa = XCBuildConfiguration;
			buildSettings = {
				ASSETCATALOG_COMPILER_APPICON_NAME = AppIcon;
				DEVELOPMENT_TEAM = W5HA2AHF8T;
				INFOPLIST_FILE = Swoosh/Info.plist;
				LD_RUNPATH_SEARCH_PATHS = "$(inherited) @executable_path/Frameworks";
				PRODUCT_BUNDLE_IDENTIFIER = com.ariven.swiftPractice.Swoosh;
				PRODUCT_NAME = "$(TARGET_NAME)";
				SWIFT_VERSION = 3.0;
			};
			name = Release;
		};
/* End XCBuildConfiguration section */

/* Begin XCConfigurationList section */
		D2C33D9E1F5096E500F2EB9E /* Build configuration list for PBXProject "Swoosh" */ = {
			isa = XCConfigurationList;
			buildConfigurations = (
				D2C33DB31F5096E500F2EB9E /* Debug */,
				D2C33DB41F5096E500F2EB9E /* Release */,
			);
			defaultConfigurationIsVisible = 0;
			defaultConfigurationName = Release;
		};
		D2C33DB51F5096E500F2EB9E /* Build configuration list for PBXNativeTarget "Swoosh" */ = {
			isa = XCConfigurationList;
			buildConfigurations = (
				D2C33DB61F5096E500F2EB9E /* Debug */,
				D2C33DB71F5096E500F2EB9E /* Release */,
			);
			defaultConfigurationIsVisible = 0;
			defaultConfigurationName = Release;
		};
/* End XCConfigurationList section */
	};
	rootObject = D2C33D9B1F5096E500F2EB9E /* Project object */;
}
